
Microsoft Visual Studio Solution File, Format Version 12.00
# Visual Studio Version 16
VisualStudioVersion = 16.0.33027.164
MinimumVisualStudioVersion = 10.0.40219.1
Project("{9A19103F-16F7-4668-BE54-9A1E7A4F7556}") = "StrategyPattern", "StrategyPattern\StrategyPattern.csproj", "{71D88EAF-2A87-44D1-9CFC-D21F46A94D43}"
EndProject
Project("{2150E333-8FDC-42A3-9474-1A3956D46DE8}") = "Behavioral patterns", "Behavioral patterns", "{69D40FB6-8E20-4521-BFEA-8F7D57E1A4E8}"
EndProject
Project("{2150E333-8FDC-42A3-9474-1A3956D46DE8}") = "ObserverPattern", "ObserverPattern", "{C85CB47A-E114-4D44-93E6-CFED829A9078}"
EndProject
Project("{9A19103F-16F7-4668-BE54-9A1E7A4F7556}") = "ObserverPattern.New", "ObserverPattern.New\ObserverPattern.New.csproj", "{7C09466A-9C04-4514-AE04-FFC541378777}"
EndProject
Project("{2150E333-8FDC-42A3-9474-1A3956D46DE8}") = "Creational patterns", "Creational patterns", "{1924F3D8-D10A-4D60-BE94-59580D24A92E}"
EndProject
Project("{9A19103F-16F7-4668-BE54-9A1E7A4F7556}") = "SingletonPattern", "SingletonPattern\SingletonPattern.csproj", "{4F48B5DF-51E5-4C97-A7AC-C7315203AFD9}"
EndProject
Project("{2150E333-8FDC-42A3-9474-1A3956D46DE8}") = "Structural patterns", "Structural patterns", "{FF976391-8336-4E5A-AD08-5A7BF749ACBF}"
EndProject
Project("{FAE04EC0-301F-11D3-BF4B-00C04F79EFBC}") = "DecoratorPattern", "DecoratorPattern\DecoratorPattern.csproj", "{C2A91DE3-DB79-4308-99C2-F309D05C8B97}"
EndProject
Global
	GlobalSection(SolutionConfigurationPlatforms) = preSolution
		Debug|Any CPU = Debug|Any CPU
		Release|Any CPU = Release|Any CPU
	EndGlobalSection
	GlobalSection(ProjectConfigurationPlatforms) = postSolution
		{71D88EAF-2A87-44D1-9CFC-D21F46A94D43}.Debug|Any CPU.ActiveCfg = Debug|Any CPU
		{71D88EAF-2A87-44D1-9CFC-D21F46A94D43}.Debug|Any CPU.Build.0 = Debug|Any CPU
		{71D88EAF-2A87-44D1-9CFC-D21F46A94D43}.Release|Any CPU.ActiveCfg = Release|Any CPU
		{71D88EAF-2A87-44D1-9CFC-D21F46A94D43}.Release|Any CPU.Build.0 = Release|Any CPU
		{7C09466A-9C04-4514-AE04-FFC541378777}.Debug|Any CPU.ActiveCfg = Debug|Any CPU
		{7C09466A-9C04-4514-AE04-FFC541378777}.Debug|Any CPU.Build.0 = Debug|Any CPU
		{7C09466A-9C04-4514-AE04-FFC541378777}.Release|Any CPU.ActiveCfg = Release|Any CPU
		{7C09466A-9C04-4514-AE04-FFC541378777}.Release|Any CPU.Build.0 = Release|Any CPU
		{4F48B5DF-51E5-4C97-A7AC-C7315203AFD9}.Debug|Any CPU.ActiveCfg = Debug|Any CPU
		{4F48B5DF-51E5-4C97-A7AC-C7315203AFD9}.Debug|Any CPU.Build.0 = Debug|Any CPU
		{4F48B5DF-51E5-4C97-A7AC-C7315203AFD9}.Release|Any CPU.ActiveCfg = Release|Any CPU
		{4F48B5DF-51E5-4C97-A7AC-C7315203AFD9}.Release|Any CPU.Build.0 = Release|Any CPU
		{C2A91DE3-DB79-4308-99C2-F309D05C8B97}.Debug|Any CPU.ActiveCfg = Debug|Any CPU
		{C2A91DE3-DB79-4308-99C2-F309D05C8B97}.Debug|Any CPU.Build.0 = Debug|Any CPU
		{C2A91DE3-DB79-4308-99C2-F309D05C8B97}.Release|Any CPU.ActiveCfg = Release|Any CPU
		{C2A91DE3-DB79-4308-99C2-F309D05C8B97}.Release|Any CPU.Build.0 = Release|Any CPU
	EndGlobalSection
	GlobalSection(SolutionProperties) = preSolution
		HideSolutionNode = FALSE
	EndGlobalSection
	GlobalSection(NestedProjects) = preSolution
		{71D88EAF-2A87-44D1-9CFC-D21F46A94D43} = {69D40FB6-8E20-4521-BFEA-8F7D57E1A4E8}
		{C85CB47A-E114-4D44-93E6-CFED829A9078} = {69D40FB6-8E20-4521-BFEA-8F7D57E1A4E8}
		{7C09466A-9C04-4514-AE04-FFC541378777} = {C85CB47A-E114-4D44-93E6-CFED829A9078}
		{4F48B5DF-51E5-4C97-A7AC-C7315203AFD9} = {1924F3D8-D10A-4D60-BE94-59580D24A92E}
		{C2A91DE3-DB79-4308-99C2-F309D05C8B97} = {FF976391-8336-4E5A-AD08-5A7BF749ACBF}
	EndGlobalSection
	GlobalSection(ExtensibilityGlobals) = postSolution
		SolutionGuid = {E358D555-EE7B-4E45-8CAA-4922BC5AFF48}
	EndGlobalSection
EndGlobal
